
Microsoft Visual Studio Solution File, Format Version 12.00
# Visual Studio 15
VisualStudioVersion = 15.0.28307.705
MinimumVisualStudioVersion = 10.0.40219.1
Project("{FAE04EC0-301F-11D3-BF4B-00C04F79EFBC}") = "DotnetCoreTest", "DotnetCoreTest\DotnetCoreTest.csproj", "{D6BA23D1-BBE2-4DB4-B4A3-ED32FB99F406}"
EndProject
Global
	GlobalSection(SolutionConfigurationPlatforms) = preSolution
		Debug|Any CPU = Debug|Any CPU
		Release|Any CPU = Release|Any CPU
	EndGlobalSection
	GlobalSection(ProjectConfigurationPlatforms) = postSolution
		{D6BA23D1-BBE2-4DB4-B4A3-ED32FB99F406}.Debug|Any CPU.ActiveCfg = Debug|Any CPU
		{D6BA23D1-BBE2-4DB4-B4A3-ED32FB99F406}.Debug|Any CPU.Build.0 = Debug|Any CPU
		{D6BA23D1-BBE2-4DB4-B4A3-ED32FB99F406}.Release|Any CPU.ActiveCfg = Release|Any CPU
		{D6BA23D1-BBE2-4DB4-B4A3-ED32FB99F406}.Release|Any CPU.Build.0 = Release|Any CPU
	EndGlobalSection
	GlobalSection(SolutionProperties) = preSolution
		HideSolutionNode = FALSE
	EndGlobalSection
	GlobalSection(ExtensibilityGlobals) = postSolution
		SolutionGuid = {F3C16675-78A6-4152-A1C6-2FCA803DA3C4}
	EndGlobalSection
EndGlobal
